<?xml version="1.0" encoding="utf-8"?>
<Project ToolsVersion="4.0" xmlns="http://schemas.microsoft.com/developer/msbuild/2003">
  <ItemGroup>
    <Filter Include="Source Files">
      <UniqueIdentifier>{4FC737F1-C7A5-4376-A066-2A32D752A2FF}</UniqueIdentifier>
      <Extensions>cpp;c;cc;cxx;def;odl;idl;hpj;bat;asm;asmx</Extensions>
    </Filter>
    <Filter Include="Source Files\Items">
      <UniqueIdentifier>{00722b69-e49b-46ca-b154-48f22e219724}</UniqueIdentifier>
    </Filter>
    <Filter Include="Source Files\Actors">
      <UniqueIdentifier>{26d4e71f-1102-41a9-b0b8-ad888ecc7ddf}</UniqueIdentifier>
    </Filter>
    <Filter Include="Source Files\Magic">
      <UniqueIdentifier>{7e31c064-e977-43e2-a124-6a073a24b3d1}</UniqueIdentifier>
    </Filter>
    <Filter Include="Source Files\Game">
      <UniqueIdentifier>{70fb4172-938a-4e70-a1dd-4eee7a13272c}</UniqueIdentifier>
    </Filter>
    <Filter Include="Source Files\Game\Generators">
      <UniqueIdentifier>{8c6b4c13-8895-439e-b3ff-6f5e4f028ff6}</UniqueIdentifier>
    </Filter>
    <Filter Include="Source Files\Game\Gamestates">
      <UniqueIdentifier>{b089f7dc-785a-436f-87df-9f83afa08f63}</UniqueIdentifier>
    </Filter>
  </ItemGroup>
  <ItemGroup>
    <ClCompile Include="main.cpp">
      <Filter>Source Files</Filter>
    </ClCompile>
    <ClCompile Include="armor.cpp">
      <Filter>Source Files\Items</Filter>
    </ClCompile>
    <ClCompile Include="weapon.cpp">
      <Filter>Source Files\Items</Filter>
    </ClCompile>
    <ClCompile Include="trinket.cpp">
      <Filter>Source Files\Items</Filter>
    </ClCompile>
    <ClCompile Include="potion.cpp">
      <Filter>Source Files\Items</Filter>
    </ClCompile>
    <ClCompile Include="actor.cpp">
      <Filter>Source Files\Actors</Filter>
    </ClCompile>
    <ClCompile Include="character.cpp">
      <Filter>Source Files\Actors</Filter>
    </ClCompile>
    <ClCompile Include="ability.cpp">
      <Filter>Source Files\Magic</Filter>
    </ClCompile>
    <ClCompile Include="effect.cpp">
      <Filter>Source Files\Magic</Filter>
    </ClCompile>
    <ClCompile Include="item.cpp">
      <Filter>Source Files\Items</Filter>
    </ClCompile>
    <ClCompile Include="game.cpp">
      <Filter>Source Files\Game</Filter>
    </ClCompile>
    <ClCompile Include="game_initialize.cpp">
      <Filter>Source Files\Game</Filter>
    </ClCompile>
    <ClCompile Include="log.cpp">
      <Filter>Source Files\Game</Filter>
    </ClCompile>
    <ClCompile Include="container.cpp">
      <Filter>Source Files\Game</Filter>
    </ClCompile>
    <ClCompile Include="node.cpp">
      <Filter>Source Files\Actors</Filter>
    </ClCompile>
    <ClCompile Include="define.cpp">
      <Filter>Source Files\Game</Filter>
    </ClCompile>
    <ClCompile Include="form.cpp">
      <Filter>Source Files\Game</Filter>
    </ClCompile>
    <ClCompile Include="spell.cpp">
      <Filter>Source Files\Magic</Filter>
    </ClCompile>
    <ClCompile Include="generator.cpp">
      <Filter>Source Files\Game\Generators</Filter>
    </ClCompile>
    <ClCompile Include="statefight.cpp">
      <Filter>Source Files\Game\Gamestates</Filter>
    </ClCompile>
  </ItemGroup>
  <ItemGroup>
    <ClInclude Include="spell.h">
      <Filter>Source Files\Magic</Filter>
    </ClInclude>
    <ClInclude Include="log.h">
      <Filter>Source Files\Game</Filter>
    </ClInclude>
    <ClInclude Include="game.h">
      <Filter>Source Files\Game</Filter>
    </ClInclude>
    <ClInclude Include="form.h">
      <Filter>Source Files\Game</Filter>
    </ClInclude>
    <ClInclude Include="define.h">
      <Filter>Source Files\Game</Filter>
    </ClInclude>
    <ClInclude Include="container.h">
      <Filter>Source Files\Game</Filter>
    </ClInclude>
    <ClInclude Include="effect.h">
      <Filter>Source Files\Magic</Filter>
    </ClInclude>
    <ClInclude Include="ability.h">
      <Filter>Source Files\Magic</Filter>
    </ClInclude>
    <ClInclude Include="node.h">
      <Filter>Source Files\Actors</Filter>
    </ClInclude>
    <ClInclude Include="character.h">
      <Filter>Source Files\Actors</Filter>
    </ClInclude>
    <ClInclude Include="actor.h">
      <Filter>Source Files\Actors</Filter>
    </ClInclude>
    <ClInclude Include="weapon.h">
      <Filter>Source Files\Items</Filter>
    </ClInclude>
    <ClInclude Include="trinket.h">
      <Filter>Source Files\Items</Filter>
    </ClInclude>
    <ClInclude Include="potion.h">
      <Filter>Source Files\Items</Filter>
    </ClInclude>
    <ClInclude Include="item.h">
      <Filter>Source Files\Items</Filter>
    </ClInclude>
    <ClInclude Include="armor.h">
      <Filter>Source Files\Items</Filter>
    </ClInclude>
    <ClInclude Include="generator.h">
      <Filter>Source Files\Game\Generators</Filter>
    </ClInclude>
    <ClInclude Include="gamestate.h">
      <Filter>Source Files\Game\Gamestates</Filter>
    </ClInclude>
    <ClInclude Include="statefight.h">
      <Filter>Source Files\Game\Gamestates</Filter>
    </ClInclude>
  </ItemGroup>
</Project>